# This file was autogenerated by Stack.
# You should not edit this file by hand.
# For more information, please see the documentation at:
#   https://docs.haskellstack.org/en/stable/lock_files

packages:
- completed:
    hackage: ihaskell-blaze-0.3.0.1@sha256:57f0e79758d084da3a662d0909ba2b01e469200029fed495fc208ba5f59024fd,2161
    pantry-tree:
      sha256: 69fee7554a6410e45011c89d9e9547d18e2798e4f01ebd0426573b05e0e21696
      size: 223
  original:
    hackage: ihaskell-blaze-0.3.0.1
- completed:
    hackage: mathlist-0.2.0.0@sha256:3959b318a2f39969724d90818ff038c1d03435db817e3850bb0bbcfda37f2a22,1323
    pantry-tree:
      sha256: 3e96ddf87b4e28a30b25be47cc2d7ee22304157ed557728453725cfe59c5e384
      size: 388
  original:
    hackage: mathlist-0.2.0.0
snapshots:
- completed:
    sha256: adbc602422dde10cc330175da7de8609e70afc41449a7e2d6e8b1827aa0e5008
    size: 649342
    url: https://raw.githubusercontent.com/commercialhaskell/stackage-snapshots/master/lts/20/11.yaml
  original: lts-20.11
