# This file was autogenerated by Stack.
# You should not edit this file by hand.
# For more information, please see the documentation at:
#   https://docs.haskellstack.org/en/stable/lock_files

packages:
- completed:
    hackage: ihaskell-blaze-0.3.0.1@sha256:57f0e79758d084da3a662d0909ba2b01e469200029fed495fc208ba5f59024fd,2161
    pantry-tree:
      size: 223
      sha256: 69fee7554a6410e45011c89d9e9547d18e2798e4f01ebd0426573b05e0e21696
  original:
    hackage: ihaskell-blaze-0.3.0.1
snapshots:
- completed:
    size: 648660
    url: https://raw.githubusercontent.com/commercialhaskell/stackage-snapshots/master/lts/20/4.yaml
    sha256: 3770dfd79f5aed67acdcc65c4e7730adddffe6dba79ea723cfb0918356fc0f94
  original: lts-20.4
