# This file was autogenerated by Stack.
# You should not edit this file by hand.
# For more information, please see the documentation at:
#   https://docs.haskellstack.org/en/stable/lock_files

packages:
- completed:
    hackage: ghc-parser-0.2.6.0@sha256:0b0cbceb3bd2762cef201dc54ae302d7918bed23b2f85ffd99c1c8b6a9df32b6,1579
    pantry-tree:
      sha256: 02bb412e738063631d10750648b5c432d5df99599eaeff5050d92df6416df102
      size: 903
  original:
    hackage: ghc-parser-0.2.6.0
- completed:
    hackage: ihaskell-0.11.0.0@sha256:beff2321a5d753d8d74509b6b1f4aebc9b466e32bb91d028dc60e08658184625,6729
    pantry-tree:
      sha256: 40e8d35f3a061ee0f22825f72c42edfd2352a9a05a4ac85190b6e13a00c23aff
      size: 2939
  original:
    hackage: ihaskell-0.11.0.0
- completed:
    hackage: ihaskell-blaze-0.3.0.1@sha256:57f0e79758d084da3a662d0909ba2b01e469200029fed495fc208ba5f59024fd,2161
    pantry-tree:
      sha256: 69fee7554a6410e45011c89d9e9547d18e2798e4f01ebd0426573b05e0e21696
      size: 223
  original:
    hackage: ihaskell-blaze-0.3.0.1
- completed:
    hackage: ipython-kernel-0.11.0.0@sha256:4e1c174037c4088b0113663d17c443fb6612e0f7639d28152c1e237816972550,2676
    pantry-tree:
      sha256: 56fb92a6761881b39a0a2e2835e9d6fecd0ad15310c2a5c854ea2abcc9e78ecd
      size: 792
  original:
    hackage: ipython-kernel-0.11.0.0
snapshots:
- completed:
    sha256: a81fb3877c4f9031e1325eb3935122e608d80715dc16b586eb11ddbff8671ecd
    size: 640086
    url: https://raw.githubusercontent.com/commercialhaskell/stackage-snapshots/master/lts/21/25.yaml
  original: lts-21.25
