# This file was autogenerated by Stack.
# You should not edit this file by hand.
# For more information, please see the documentation at:
#   https://docs.haskellstack.org/en/stable/lock_files

packages:
- completed:
    pantry-tree:
      sha256: 69fee7554a6410e45011c89d9e9547d18e2798e4f01ebd0426573b05e0e21696
      size: 223
    hackage: ihaskell-blaze-0.3.0.1@sha256:57f0e79758d084da3a662d0909ba2b01e469200029fed495fc208ba5f59024fd,2161
  original:
    hackage: ihaskell-blaze-0.3.0.1
snapshots:
- completed:
    sha256: e5f56f619132209b826084cacd6374d7f0344cc88a9d1d305878190e4204ae1f
    size: 619205
    url: https://raw.githubusercontent.com/commercialhaskell/stackage-snapshots/master/lts/19/31.yaml
  original: lts-19.31
